
Microsoft Visual Studio Solution File, Format Version 12.00
# Visual Studio Version 16
VisualStudioVersion = 16.0.30523.141
MinimumVisualStudioVersion = 10.0.40219.1
Project("{9A19103F-16F7-4668-BE54-9A1E7A4F7556}") = "PortableUpdater.NET", "PortableUpdater.NET\PortableUpdater.NET.csproj", "{E2AA9B0C-B04E-4697-9E16-1ABC8C2ADC77}"
EndProject
Project("{FAE04EC0-301F-11D3-BF4B-00C04F79EFBC}") = "PortableUpdaterTest.WPF", "PortableUpdaterTest.WPF\PortableUpdaterTest.WPF.csproj", "{F4256410-4A1F-4FF3-A831-BEF54383DECB}"
EndProject
Global
	GlobalSection(SolutionConfigurationPlatforms) = preSolution
		Debug|Any CPU = Debug|Any CPU
		Release|Any CPU = Release|Any CPU
	EndGlobalSection
	GlobalSection(ProjectConfigurationPlatforms) = postSolution
		{E2AA9B0C-B04E-4697-9E16-1ABC8C2ADC77}.Debug|Any CPU.ActiveCfg = Debug|Any CPU
		{E2AA9B0C-B04E-4697-9E16-1ABC8C2ADC77}.Debug|Any CPU.Build.0 = Debug|Any CPU
		{E2AA9B0C-B04E-4697-9E16-1ABC8C2ADC77}.Release|Any CPU.ActiveCfg = Release|Any CPU
		{E2AA9B0C-B04E-4697-9E16-1ABC8C2ADC77}.Release|Any CPU.Build.0 = Release|Any CPU
		{F4256410-4A1F-4FF3-A831-BEF54383DECB}.Debug|Any CPU.ActiveCfg = Debug|Any CPU
		{F4256410-4A1F-4FF3-A831-BEF54383DECB}.Debug|Any CPU.Build.0 = Debug|Any CPU
		{F4256410-4A1F-4FF3-A831-BEF54383DECB}.Release|Any CPU.ActiveCfg = Release|Any CPU
		{F4256410-4A1F-4FF3-A831-BEF54383DECB}.Release|Any CPU.Build.0 = Release|Any CPU
	EndGlobalSection
	GlobalSection(SolutionProperties) = preSolution
		HideSolutionNode = FALSE
	EndGlobalSection
	GlobalSection(ExtensibilityGlobals) = postSolution
		SolutionGuid = {0A8230E8-9A84-434F-8D90-1C68E51FCEA9}
	EndGlobalSection
EndGlobal
