
Microsoft Visual Studio Solution File, Format Version 12.00
# Visual Studio Version 16
VisualStudioVersion = 16.0.30523.141
MinimumVisualStudioVersion = 10.0.40219.1
Project("{FAE04EC0-301F-11D3-BF4B-00C04F79EFBC}") = "PortableUpdater.NET", "PortableUpdater.NET\PortableUpdater.NET.csproj", "{467C685D-6D39-4AB3-A85C-626233C05CC2}"
EndProject
Global
	GlobalSection(SolutionConfigurationPlatforms) = preSolution
		Debug|Any CPU = Debug|Any CPU
		Release|Any CPU = Release|Any CPU
	EndGlobalSection
	GlobalSection(ProjectConfigurationPlatforms) = postSolution
		{467C685D-6D39-4AB3-A85C-626233C05CC2}.Debug|Any CPU.ActiveCfg = Debug|Any CPU
		{467C685D-6D39-4AB3-A85C-626233C05CC2}.Debug|Any CPU.Build.0 = Debug|Any CPU
		{467C685D-6D39-4AB3-A85C-626233C05CC2}.Release|Any CPU.ActiveCfg = Release|Any CPU
		{467C685D-6D39-4AB3-A85C-626233C05CC2}.Release|Any CPU.Build.0 = Release|Any CPU
	EndGlobalSection
	GlobalSection(SolutionProperties) = preSolution
		HideSolutionNode = FALSE
	EndGlobalSection
	GlobalSection(ExtensibilityGlobals) = postSolution
		SolutionGuid = {0A8230E8-9A84-434F-8D90-1C68E51FCEA9}
	EndGlobalSection
EndGlobal
